
Microsoft Visual Studio Solution File, Format Version 12.00
# Visual Studio Version 17
VisualStudioVersion = 17.13.35825.156
MinimumVisualStudioVersion = 10.0.40219.1
Project("{FAE04EC0-301F-11D3-BF4B-00C04F79EFBC}") = "WorldCupData", "WorldCupData\WorldCupData.csproj", "{805BBC75-2E28-4E90-B2B3-101278C76944}"
EndProject
Project("{FAE04EC0-301F-11D3-BF4B-00C04F79EFBC}") = "WorldCupWinForms", "WorldCupWinForms\WorldCupWinForms.csproj", "{D6B1AA7A-335C-424A-A7E5-B8788921CE8C}"
EndProject
Project("{FAE04EC0-301F-11D3-BF4B-00C04F79EFBC}") = "WorldCupWPF", "WorldCupWPF\WorldCupWPF.csproj", "{836F6213-E9A7-445A-8F10-407B6AD15C4B}"
EndProject
Global
	GlobalSection(SolutionConfigurationPlatforms) = preSolution
		Debug|Any CPU = Debug|Any CPU
		Release|Any CPU = Release|Any CPU
	EndGlobalSection
	GlobalSection(ProjectConfigurationPlatforms) = postSolution
		{805BBC75-2E28-4E90-B2B3-101278C76944}.Debug|Any CPU.ActiveCfg = Debug|Any CPU
		{805BBC75-2E28-4E90-B2B3-101278C76944}.Debug|Any CPU.Build.0 = Debug|Any CPU
		{805BBC75-2E28-4E90-B2B3-101278C76944}.Release|Any CPU.ActiveCfg = Release|Any CPU
		{805BBC75-2E28-4E90-B2B3-101278C76944}.Release|Any CPU.Build.0 = Release|Any CPU
		{D6B1AA7A-335C-424A-A7E5-B8788921CE8C}.Debug|Any CPU.ActiveCfg = Debug|Any CPU
		{D6B1AA7A-335C-424A-A7E5-B8788921CE8C}.Debug|Any CPU.Build.0 = Debug|Any CPU
		{D6B1AA7A-335C-424A-A7E5-B8788921CE8C}.Release|Any CPU.ActiveCfg = Release|Any CPU
		{D6B1AA7A-335C-424A-A7E5-B8788921CE8C}.Release|Any CPU.Build.0 = Release|Any CPU
		{836F6213-E9A7-445A-8F10-407B6AD15C4B}.Debug|Any CPU.ActiveCfg = Debug|Any CPU
		{836F6213-E9A7-445A-8F10-407B6AD15C4B}.Debug|Any CPU.Build.0 = Debug|Any CPU
		{836F6213-E9A7-445A-8F10-407B6AD15C4B}.Release|Any CPU.ActiveCfg = Release|Any CPU
		{836F6213-E9A7-445A-8F10-407B6AD15C4B}.Release|Any CPU.Build.0 = Release|Any CPU
	EndGlobalSection
	GlobalSection(SolutionProperties) = preSolution
		HideSolutionNode = FALSE
	EndGlobalSection
	GlobalSection(ExtensibilityGlobals) = postSolution
		SolutionGuid = {F23B66F5-5B40-410F-90E2-3BCD44AA654A}
	EndGlobalSection
EndGlobal
